
Microsoft Visual Studio Solution File, Format Version 12.00
# Visual Studio Version 17
VisualStudioVersion = 17.8.34309.116
MinimumVisualStudioVersion = 10.0.40219.1
Project("{FAE04EC0-301F-11D3-BF4B-00C04F79EFBC}") = "HomeTaskApi", "HomeTaskApi\HomeTaskApi.csproj", "{C57A332F-129B-48B3-BF3A-1D27BB2C4B7E}"
EndProject
Global
	GlobalSection(SolutionConfigurationPlatforms) = preSolution
		Debug|Any CPU = Debug|Any CPU
		Release|Any CPU = Release|Any CPU
	EndGlobalSection
	GlobalSection(ProjectConfigurationPlatforms) = postSolution
		{C57A332F-129B-48B3-BF3A-1D27BB2C4B7E}.Debug|Any CPU.ActiveCfg = Debug|Any CPU
		{C57A332F-129B-48B3-BF3A-1D27BB2C4B7E}.Debug|Any CPU.Build.0 = Debug|Any CPU
		{C57A332F-129B-48B3-BF3A-1D27BB2C4B7E}.Release|Any CPU.ActiveCfg = Release|Any CPU
		{C57A332F-129B-48B3-BF3A-1D27BB2C4B7E}.Release|Any CPU.Build.0 = Release|Any CPU
	EndGlobalSection
	GlobalSection(SolutionProperties) = preSolution
		HideSolutionNode = FALSE
	EndGlobalSection
	GlobalSection(ExtensibilityGlobals) = postSolution
		SolutionGuid = {090EBD68-21E4-48C2-84E8-01CCDCDAF15E}
	EndGlobalSection
EndGlobal
